{
  "name": "masonsmafia",
  "version": "1.1.21",
  "lockfileVersion": 1,
  "requires": true,
  "dependencies": {
    "bignumber.js": {
      "version": "2.1.4",
      "resolved": "https://registry.npmjs.org/bignumber.js/-/bignumber.js-2.1.4.tgz",
      "integrity": "sha1-KbO7aT27I46Ity6sL7iWUIiLLVk="
    },
    "bluebird": {
      "version": "2.4.2",
      "resolved": "https://registry.npmjs.org/bluebird/-/bluebird-2.4.2.tgz",
      "integrity": "sha1-vR1YWZFadIU/DkSGljD7i0+vubU="
    },
    "core-util-is": {
      "version": "1.0.2",
      "resolved": "https://registry.npmjs.org/core-util-is/-/core-util-is-1.0.2.tgz",
      "integrity": "sha1-tf1UIgqivFq1eqtxQMlAdUUDwac="
    },
    "dottie": {
      "version": "0.3.1",
      "resolved": "https://registry.npmjs.org/dottie/-/dottie-0.3.1.tgz",
      "integrity": "sha1-QYX3d0iZYKwIQTHeP5oUoXm7dJ8="
    },
    "generic-pool": {
      "version": "2.1.1",
      "resolved": "https://registry.npmjs.org/generic-pool/-/generic-pool-2.1.1.tgz",
      "integrity": "sha1-rwTcLDJc/Ll1Aj+lK/zpYXp0Nf0="
    },
    "inflection": {
      "version": "1.12.0",
      "resolved": "https://registry.npmjs.org/inflection/-/inflection-1.12.0.tgz",
      "integrity": "sha1-ogCTVlbW9fa8TcdQLhrstwMihBY="
    },
    "inherits": {
      "version": "2.0.3",
      "resolved": "https://registry.npmjs.org/inherits/-/inherits-2.0.3.tgz",
      "integrity": "sha1-Yzwsg+PaQqUC9SRmAiSA9CCCYd4="
    },
    "isarray": {
      "version": "0.0.1",
      "resolved": "https://registry.npmjs.org/isarray/-/isarray-0.0.1.tgz",
      "integrity": "sha1-ihis/Kmo9Bd+Cav8YDiTmwXR7t8="
    },
    "lodash": {
      "version": "2.4.2",
      "resolved": "https://registry.npmjs.org/lodash/-/lodash-2.4.2.tgz",
      "integrity": "sha1-+t2DS5aDBz2hebPq5tnA0VBT9z4="
    },
    "moment": {
      "version": "2.21.0",
      "resolved": "https://registry.npmjs.org/moment/-/moment-2.21.0.tgz",
      "integrity": "sha512-TCZ36BjURTeFTM/CwRcViQlfkMvL1/vFISuNLO5GkcVm1+QHfbSiNqZuWeMFjj1/3+uAjXswgRk30j1kkLYJBQ=="
    },
    "mysql": {
      "version": "2.10.2",
      "resolved": "https://registry.npmjs.org/mysql/-/mysql-2.10.2.tgz",
      "integrity": "sha1-nuXkbwVrK6OnhAoQ6uNCb1k4QpI=",
      "requires": {
        "bignumber.js": "2.1.4",
        "readable-stream": "1.1.14"
      }
    },
    "node-uuid": {
      "version": "1.4.8",
      "resolved": "https://registry.npmjs.org/node-uuid/-/node-uuid-1.4.8.tgz",
      "integrity": "sha1-sEDrCSOWivq/jTL7HxfxFn/auQc="
    },
    "readable-stream": {
      "version": "1.1.14",
      "resolved": "https://registry.npmjs.org/readable-stream/-/readable-stream-1.1.14.tgz",
      "integrity": "sha1-fPTFTvZI44EwhMY23SB54WbAgdk=",
      "requires": {
        "core-util-is": "1.0.2",
        "inherits": "2.0.3",
        "isarray": "0.0.1",
        "string_decoder": "0.10.31"
      }
    },
    "sequelize": {
      "version": "2.0.6",
      "resolved": "https://registry.npmjs.org/sequelize/-/sequelize-2.0.6.tgz",
      "integrity": "sha1-QyBFBcQBsDqMuM+S7iIJq89m/jE=",
      "requires": {
        "bluebird": "2.4.2",
        "dottie": "0.3.1",
        "generic-pool": "2.1.1",
        "inflection": "1.12.0",
        "lodash": "3.10.1",
        "moment": "2.21.0",
        "node-uuid": "1.4.8",
        "toposort-class": "0.3.1",
        "validator": "3.43.0"
      },
      "dependencies": {
        "lodash": {
          "version": "3.10.1",
          "resolved": "https://registry.npmjs.org/lodash/-/lodash-3.10.1.tgz",
          "integrity": "sha1-W/Rejkm6QYnhfUgnid/RW9FAt7Y="
        }
      }
    },
    "string_decoder": {
      "version": "0.10.31",
      "resolved": "https://registry.npmjs.org/string_decoder/-/string_decoder-0.10.31.tgz",
      "integrity": "sha1-YuIDvEF2bGwoyfyEMB2rHFMQ+pQ="
    },
    "toposort-class": {
      "version": "0.3.1",
      "resolved": "https://registry.npmjs.org/toposort-class/-/toposort-class-0.3.1.tgz",
      "integrity": "sha1-0TM67XNPhgjO0ShiGL0sRfYO/0g="
    },
    "validator": {
      "version": "3.43.0",
      "resolved": "https://registry.npmjs.org/validator/-/validator-3.43.0.tgz",
      "integrity": "sha1-lkZLmS1BloM9l6GUv0Cxn/VLrgU="
    }
  }
}
